// !$*UTF8*$!
{
	archiveVersion = 1;
	classes = {
	};
	objectVersion = 55;
	objects = {

/* Begin PBXBuildFile section */
		9AD38B7727D5DD1300AF2DC8 /* AppDelegate.swift in Sources */ = {isa = PBXBuildFile; fileRef = 9AD38B7627D5DD1300AF2DC8 /* AppDelegate.swift */; };
		9AD38B7927D5DD1300AF2DC8 /* SceneDelegate.swift in Sources */ = {isa = PBXBuildFile; fileRef = 9AD38B7827D5DD1300AF2DC8 /* SceneDelegate.swift */; };
		9AD38B7B27D5DD1300AF2DC8 /* ViewController.swift in Sources */ = {isa = PBXBuildFile; fileRef = 9AD38B7A27D5DD1300AF2DC8 /* ViewController.swift */; };
		9AD38B7E27D5DD1300AF2DC8 /* Main.storyboard in Resources */ = {isa = PBXBuildFile; fileRef = 9AD38B7C27D5DD1300AF2DC8 /* Main.storyboard */; };
		9AD38B8027D5DD1400AF2DC8 /* Assets.xcassets in Resources */ = {isa = PBXBuildFile; fileRef = 9AD38B7F27D5DD1400AF2DC8 /* Assets.xcassets */; };
		9AD38B8327D5DD1400AF2DC8 /* LaunchScreen.storyboard in Resources */ = {isa = PBXBuildFile; fileRef = 9AD38B8127D5DD1400AF2DC8 /* LaunchScreen.storyboard */; };
		9AD38B8E27D5DD1400AF2DC8 /* PomodoroTests.swift in Sources */ = {isa = PBXBuildFile; fileRef = 9AD38B8D27D5DD1400AF2DC8 /* PomodoroTests.swift */; };
		9AD38B9827D5DD1400AF2DC8 /* PomodoroUITests.swift in Sources */ = {isa = PBXBuildFile; fileRef = 9AD38B9727D5DD1400AF2DC8 /* PomodoroUITests.swift */; };
		9AD38B9A27D5DD1400AF2DC8 /* PomodoroUITestsLaunchTests.swift in Sources */ = {isa = PBXBuildFile; fileRef = 9AD38B9927D5DD1400AF2DC8 /* PomodoroUITestsLaunchTests.swift */; };
/* End PBXBuildFile section */

/* Begin PBXContainerItemProxy section */
		9AD38B8A27D5DD1400AF2DC8 /* PBXContainerItemProxy */ = {
			isa = PBXContainerItemProxy;
			containerPortal = 9AD38B6B27D5DD1300AF2DC8 /* Project object */;
			proxyType = 1;
			remoteGlobalIDString = 9AD38B7227D5DD1300AF2DC8;
			remoteInfo = Pomodoro;
		};
		9AD38B9427D5DD1400AF2DC8 /* PBXContainerItemProxy */ = {
			isa = PBXContainerItemProxy;
			containerPortal = 9AD38B6B27D5DD1300AF2DC8 /* Project object */;
			proxyType = 1;
			remoteGlobalIDString = 9AD38B7227D5DD1300AF2DC8;
			remoteInfo = Pomodoro;
		};
/* End PBXContainerItemProxy section */

/* Begin PBXFileReference section */
		9AD38B7327D5DD1300AF2DC8 /* Pomodoro.app */ = {isa = PBXFileReference; explicitFileType = wrapper.application; includeInIndex = 0; path = Pomodoro.app; sourceTree = BUILT_PRODUCTS_DIR; };
		9AD38B7627D5DD1300AF2DC8 /* AppDelegate.swift */ = {isa = PBXFileReference; lastKnownFileType = sourcecode.swift; path = AppDelegate.swift; sourceTree = "<group>"; };
		9AD38B7827D5DD1300AF2DC8 /* SceneDelegate.swift */ = {isa = PBXFileReference; lastKnownFileType = sourcecode.swift; path = SceneDelegate.swift; sourceTree = "<group>"; };
		9AD38B7A27D5DD1300AF2DC8 /* ViewController.swift */ = {isa = PBXFileReference; lastKnownFileType = sourcecode.swift; path = ViewController.swift; sourceTree = "<group>"; };
		9AD38B7D27D5DD1300AF2DC8 /* Base */ = {isa = PBXFileReference; lastKnownFileType = file.storyboard; name = Base; path = Base.lproj/Main.storyboard; sourceTree = "<group>"; };
		9AD38B7F27D5DD1400AF2DC8 /* Assets.xcassets */ = {isa = PBXFileReference; lastKnownFileType = folder.assetcatalog; path = Assets.xcassets; sourceTree = "<group>"; };
		9AD38B8227D5DD1400AF2DC8 /* Base */ = {isa = PBXFileReference; lastKnownFileType = file.storyboard; name = Base; path = Base.lproj/LaunchScreen.storyboard; sourceTree = "<group>"; };
		9AD38B8427D5DD1400AF2DC8 /* Info.plist */ = {isa = PBXFileReference; lastKnownFileType = text.plist.xml; path = Info.plist; sourceTree = "<group>"; };
		9AD38B8927D5DD1400AF2DC8 /* PomodoroTests.xctest */ = {isa = PBXFileReference; explicitFileType = wrapper.cfbundle; includeInIndex = 0; path = PomodoroTests.xctest; sourceTree = BUILT_PRODUCTS_DIR; };
		9AD38B8D27D5DD1400AF2DC8 /* PomodoroTests.swift */ = {isa = PBXFileReference; lastKnownFileType = sourcecode.swift; path = PomodoroTests.swift; sourceTree = "<group>"; };
		9AD38B9327D5DD1400AF2DC8 /* PomodoroUITests.xctest */ = {isa = PBXFileReference; explicitFileType = wrapper.cfbundle; includeInIndex = 0; path = PomodoroUITests.xctest; sourceTree = BUILT_PRODUCTS_DIR; };
		9AD38B9727D5DD1400AF2DC8 /* PomodoroUITests.swift */ = {isa = PBXFileReference; lastKnownFileType = sourcecode.swift; path = PomodoroUITests.swift; sourceTree = "<group>"; };
		9AD38B9927D5DD1400AF2DC8 /* PomodoroUITestsLaunchTests.swift */ = {isa = PBXFileReference; lastKnownFileType = sourcecode.swift; path = PomodoroUITestsLaunchTests.swift; sourceTree = "<group>"; };
/* End PBXFileReference section */

/* Begin PBXFrameworksBuildPhase section */
		9AD38B7027D5DD1300AF2DC8 /* Frameworks */ = {
			isa = PBXFrameworksBuildPhase;
			buildActionMask = 2147483647;
			files = (
			);
			runOnlyForDeploymentPostprocessing = 0;
		};
		9AD38B8627D5DD1400AF2DC8 /* Frameworks */ = {
			isa = PBXFrameworksBuildPhase;
			buildActionMask = 2147483647;
			files = (
			);
			runOnlyForDeploymentPostprocessing = 0;
		};
		9AD38B9027D5DD1400AF2DC8 /* Frameworks */ = {
			isa = PBXFrameworksBuildPhase;
			buildActionMask = 2147483647;
			files = (
			);
			runOnlyForDeploymentPostprocessing = 0;
		};
/* End PBXFrameworksBuildPhase section */

/* Begin PBXGroup section */
		9AD38B6A27D5DD1300AF2DC8 = {
			isa = PBXGroup;
			children = (
				9AD38B7527D5DD1300AF2DC8 /* Pomodoro */,
				9AD38B8C27D5DD1400AF2DC8 /* PomodoroTests */,
				9AD38B9627D5DD1400AF2DC8 /* PomodoroUITests */,
				9AD38B7427D5DD1300AF2DC8 /* Products */,
			);
			sourceTree = "<group>";
		};
		9AD38B7427D5DD1300AF2DC8 /* Products */ = {
			isa = PBXGroup;
			children = (
				9AD38B7327D5DD1300AF2DC8 /* Pomodoro.app */,
				9AD38B8927D5DD1400AF2DC8 /* PomodoroTests.xctest */,
				9AD38B9327D5DD1400AF2DC8 /* PomodoroUITests.xctest */,
			);
			name = Products;
			sourceTree = "<group>";
		};
		9AD38B7527D5DD1300AF2DC8 /* Pomodoro */ = {
			isa = PBXGroup;
			children = (
				9AD38B7627D5DD1300AF2DC8 /* AppDelegate.swift */,
				9AD38B7827D5DD1300AF2DC8 /* SceneDelegate.swift */,
				9AD38B7A27D5DD1300AF2DC8 /* ViewController.swift */,
				9AD38B7C27D5DD1300AF2DC8 /* Main.storyboard */,
				9AD38B7F27D5DD1400AF2DC8 /* Assets.xcassets */,
				9AD38B8127D5DD1400AF2DC8 /* LaunchScreen.storyboard */,
				9AD38B8427D5DD1400AF2DC8 /* Info.plist */,
			);
			path = Pomodoro;
			sourceTree = "<group>";
		};
		9AD38B8C27D5DD1400AF2DC8 /* PomodoroTests */ = {
			isa = PBXGroup;
			children = (
				9AD38B8D27D5DD1400AF2DC8 /* PomodoroTests.swift */,
			);
			path = PomodoroTests;
			sourceTree = "<group>";
		};
		9AD38B9627D5DD1400AF2DC8 /* PomodoroUITests */ = {
			isa = PBXGroup;
			children = (
				9AD38B9727D5DD1400AF2DC8 /* PomodoroUITests.swift */,
				9AD38B9927D5DD1400AF2DC8 /* PomodoroUITestsLaunchTests.swift */,
			);
			path = PomodoroUITests;
			sourceTree = "<group>";
		};
/* End PBXGroup section */

/* Begin PBXNativeTarget section */
		9AD38B7227D5DD1300AF2DC8 /* Pomodoro */ = {
			isa = PBXNativeTarget;
			buildConfigurationList = 9AD38B9D27D5DD1400AF2DC8 /* Build configuration list for PBXNativeTarget "Pomodoro" */;
			buildPhases = (
				9AD38B6F27D5DD1300AF2DC8 /* Sources */,
				9AD38B7027D5DD1300AF2DC8 /* Frameworks */,
				9AD38B7127D5DD1300AF2DC8 /* Resources */,
			);
			buildRules = (
			);
			dependencies = (
			);
			name = Pomodoro;
			productName = Pomodoro;
			productReference = 9AD38B7327D5DD1300AF2DC8 /* Pomodoro.app */;
			productType = "com.apple.product-type.application";
		};
		9AD38B8827D5DD1400AF2DC8 /* PomodoroTests */ = {
			isa = PBXNativeTarget;
			buildConfigurationList = 9AD38BA027D5DD1400AF2DC8 /* Build configuration list for PBXNativeTarget "PomodoroTests" */;
			buildPhases = (
				9AD38B8527D5DD1400AF2DC8 /* Sources */,
				9AD38B8627D5DD1400AF2DC8 /* Frameworks */,
				9AD38B8727D5DD1400AF2DC8 /* Resources */,
			);
			buildRules = (
			);
			dependencies = (
				9AD38B8B27D5DD1400AF2DC8 /* PBXTargetDependency */,
			);
			name = PomodoroTests;
			productName = PomodoroTests;
			productReference = 9AD38B8927D5DD1400AF2DC8 /* PomodoroTests.xctest */;
			productType = "com.apple.product-type.bundle.unit-test";
		};
		9AD38B9227D5DD1400AF2DC8 /* PomodoroUITests */ = {
			isa = PBXNativeTarget;
			buildConfigurationList = 9AD38BA327D5DD1400AF2DC8 /* Build configuration list for PBXNativeTarget "PomodoroUITests" */;
			buildPhases = (
				9AD38B8F27D5DD1400AF2DC8 /* Sources */,
				9AD38B9027D5DD1400AF2DC8 /* Frameworks */,
				9AD38B9127D5DD1400AF2DC8 /* Resources */,
			);
			buildRules = (
			);
			dependencies = (
				9AD38B9527D5DD1400AF2DC8 /* PBXTargetDependency */,
			);
			name = PomodoroUITests;
			productName = PomodoroUITests;
			productReference = 9AD38B9327D5DD1400AF2DC8 /* PomodoroUITests.xctest */;
			productType = "com.apple.product-type.bundle.ui-testing";
		};
/* End PBXNativeTarget section */

/* Begin PBXProject section */
		9AD38B6B27D5DD1300AF2DC8 /* Project object */ = {
			isa = PBXProject;
			attributes = {
				BuildIndependentTargetsInParallel = 1;
				LastSwiftUpdateCheck = 1320;
				LastUpgradeCheck = 1320;
				TargetAttributes = {
					9AD38B7227D5DD1300AF2DC8 = {
						CreatedOnToolsVersion = 13.2.1;
					};
					9AD38B8827D5DD1400AF2DC8 = {
						CreatedOnToolsVersion = 13.2.1;
						TestTargetID = 9AD38B7227D5DD1300AF2DC8;
					};
					9AD38B9227D5DD1400AF2DC8 = {
						CreatedOnToolsVersion = 13.2.1;
						TestTargetID = 9AD38B7227D5DD1300AF2DC8;
					};
				};
			};
			buildConfigurationList = 9AD38B6E27D5DD1300AF2DC8 /* Build configuration list for PBXProject "Pomodoro" */;
			compatibilityVersion = "Xcode 13.0";
			developmentRegion = en;
			hasScannedForEncodings = 0;
			knownRegions = (
				en,
				Base,
			);
			mainGroup = 9AD38B6A27D5DD1300AF2DC8;
			productRefGroup = 9AD38B7427D5DD1300AF2DC8 /* Products */;
			projectDirPath = "";
			projectRoot = "";
			targets = (
				9AD38B7227D5DD1300AF2DC8 /* Pomodoro */,
				9AD38B8827D5DD1400AF2DC8 /* PomodoroTests */,
				9AD38B9227D5DD1400AF2DC8 /* PomodoroUITests */,
			);
		};
/* End PBXProject section */

/* Begin PBXResourcesBuildPhase section */
		9AD38B7127D5DD1300AF2DC8 /* Resources */ = {
			isa = PBXResourcesBuildPhase;
			buildActionMask = 2147483647;
			files = (
				9AD38B8327D5DD1400AF2DC8 /* LaunchScreen.storyboard in Resources */,
				9AD38B8027D5DD1400AF2DC8 /* Assets.xcassets in Resources */,
				9AD38B7E27D5DD1300AF2DC8 /* Main.storyboard in Resources */,
			);
			runOnlyForDeploymentPostprocessing = 0;
		};
		9AD38B8727D5DD1400AF2DC8 /* Resources */ = {
			isa = PBXResourcesBuildPhase;
			buildActionMask = 2147483647;
			files = (
			);
			runOnlyForDeploymentPostprocessing = 0;
		};
		9AD38B9127D5DD1400AF2DC8 /* Resources */ = {
			isa = PBXResourcesBuildPhase;
			buildActionMask = 2147483647;
			files = (
			);
			runOnlyForDeploymentPostprocessing = 0;
		};
/* End PBXResourcesBuildPhase section */

/* Begin PBXSourcesBuildPhase section */
		9AD38B6F27D5DD1300AF2DC8 /* Sources */ = {
			isa = PBXSourcesBuildPhase;
			buildActionMask = 2147483647;
			files = (
				9AD38B7B27D5DD1300AF2DC8 /* ViewController.swift in Sources */,
				9AD38B7727D5DD1300AF2DC8 /* AppDelegate.swift in Sources */,
				9AD38B7927D5DD1300AF2DC8 /* SceneDelegate.swift in Sources */,
			);
			runOnlyForDeploymentPostprocessing = 0;
		};
		9AD38B8527D5DD1400AF2DC8 /* Sources */ = {
			isa = PBXSourcesBuildPhase;
			buildActionMask = 2147483647;
			files = (
				9AD38B8E27D5DD1400AF2DC8 /* PomodoroTests.swift in Sources */,
			);
			runOnlyForDeploymentPostprocessing = 0;
		};
		9AD38B8F27D5DD1400AF2DC8 /* Sources */ = {
			isa = PBXSourcesBuildPhase;
			buildActionMask = 2147483647;
			files = (
				9AD38B9A27D5DD1400AF2DC8 /* PomodoroUITestsLaunchTests.swift in Sources */,
				9AD38B9827D5DD1400AF2DC8 /* PomodoroUITests.swift in Sources */,
			);
			runOnlyForDeploymentPostprocessing = 0;
		};
/* End PBXSourcesBuildPhase section */

/* Begin PBXTargetDependency section */
		9AD38B8B27D5DD1400AF2DC8 /* PBXTargetDependency */ = {
			isa = PBXTargetDependency;
			target = 9AD38B7227D5DD1300AF2DC8 /* Pomodoro */;
			targetProxy = 9AD38B8A27D5DD1400AF2DC8 /* PBXContainerItemProxy */;
		};
		9AD38B9527D5DD1400AF2DC8 /* PBXTargetDependency */ = {
			isa = PBXTargetDependency;
			target = 9AD38B7227D5DD1300AF2DC8 /* Pomodoro */;
			targetProxy = 9AD38B9427D5DD1400AF2DC8 /* PBXContainerItemProxy */;
		};
/* End PBXTargetDependency section */

/* Begin PBXVariantGroup section */
		9AD38B7C27D5DD1300AF2DC8 /* Main.storyboard */ = {
			isa = PBXVariantGroup;
			children = (
				9AD38B7D27D5DD1300AF2DC8 /* Base */,
			);
			name = Main.storyboard;
			sourceTree = "<group>";
		};
		9AD38B8127D5DD1400AF2DC8 /* LaunchScreen.storyboard */ = {
			isa = PBXVariantGroup;
			children = (
				9AD38B8227D5DD1400AF2DC8 /* Base */,
			);
			name = LaunchScreen.storyboard;
			sourceTree = "<group>";
		};
/* End PBXVariantGroup section */

/* Begin XCBuildConfiguration section */
		9AD38B9B27D5DD1400AF2DC8 /* Debug */ = {
			isa = XCBuildConfiguration;
			buildSettings = {
				ALWAYS_SEARCH_USER_PATHS = NO;
				CLANG_ANALYZER_NONNULL = YES;
				CLANG_ANALYZER_NUMBER_OBJECT_CONVERSION = YES_AGGRESSIVE;
				CLANG_CXX_LANGUAGE_STANDARD = "gnu++17";
				CLANG_CXX_LIBRARY = "libc++";
				CLANG_ENABLE_MODULES = YES;
				CLANG_ENABLE_OBJC_ARC = YES;
				CLANG_ENABLE_OBJC_WEAK = YES;
				CLANG_WARN_BLOCK_CAPTURE_AUTORELEASING = YES;
				CLANG_WARN_BOOL_CONVERSION = YES;
				CLANG_WARN_COMMA = YES;
				CLANG_WARN_CONSTANT_CONVERSION = YES;
				CLANG_WARN_DEPRECATED_OBJC_IMPLEMENTATIONS = YES;
				CLANG_WARN_DIRECT_OBJC_ISA_USAGE = YES_ERROR;
				CLANG_WARN_DOCUMENTATION_COMMENTS = YES;
				CLANG_WARN_EMPTY_BODY = YES;
				CLANG_WARN_ENUM_CONVERSION = YES;
				CLANG_WARN_INFINITE_RECURSION = YES;
				CLANG_WARN_INT_CONVERSION = YES;
				CLANG_WARN_NON_LITERAL_NULL_CONVERSION = YES;
				CLANG_WARN_OBJC_IMPLICIT_RETAIN_SELF = YES;
				CLANG_WARN_OBJC_LITERAL_CONVERSION = YES;
				CLANG_WARN_OBJC_ROOT_CLASS = YES_ERROR;
				CLANG_WARN_QUOTED_INCLUDE_IN_FRAMEWORK_HEADER = YES;
				CLANG_WARN_RANGE_LOOP_ANALYSIS = YES;
				CLANG_WARN_STRICT_PROTOTYPES = YES;
				CLANG_WARN_SUSPICIOUS_MOVE = YES;
				CLANG_WARN_UNGUARDED_AVAILABILITY = YES_AGGRESSIVE;
				CLANG_WARN_UNREACHABLE_CODE = YES;
				CLANG_WARN__DUPLICATE_METHOD_MATCH = YES;
				COPY_PHASE_STRIP = NO;
				DEBUG_INFORMATION_FORMAT = dwarf;
				ENABLE_STRICT_OBJC_MSGSEND = YES;
				ENABLE_TESTABILITY = YES;
				GCC_C_LANGUAGE_STANDARD = gnu11;
				GCC_DYNAMIC_NO_PIC = NO;
				GCC_NO_COMMON_BLOCKS = YES;
				GCC_OPTIMIZATION_LEVEL = 0;
				GCC_PREPROCESSOR_DEFINITIONS = (
					"DEBUG=1",
					"$(inherited)",
				);
				GCC_WARN_64_TO_32_BIT_CONVERSION = YES;
				GCC_WARN_ABOUT_RETURN_TYPE = YES_ERROR;
				GCC_WARN_UNDECLARED_SELECTOR = YES;
				GCC_WARN_UNINITIALIZED_AUTOS = YES_AGGRESSIVE;
				GCC_WARN_UNUSED_FUNCTION = YES;
				GCC_WARN_UNUSED_VARIABLE = YES;
				IPHONEOS_DEPLOYMENT_TARGET = 15.2;
				MTL_ENABLE_DEBUG_INFO = INCLUDE_SOURCE;
				MTL_FAST_MATH = YES;
				ONLY_ACTIVE_ARCH = YES;
				SDKROOT = iphoneos;
				SWIFT_ACTIVE_COMPILATION_CONDITIONS = DEBUG;
				SWIFT_OPTIMIZATION_LEVEL = "-Onone";
			};
			name = Debug;
		};
		9AD38B9C27D5DD1400AF2DC8 /* Release */ = {
			isa = XCBuildConfiguration;
			buildSettings = {
				ALWAYS_SEARCH_USER_PATHS = NO;
				CLANG_ANALYZER_NONNULL = YES;
				CLANG_ANALYZER_NUMBER_OBJECT_CONVERSION = YES_AGGRESSIVE;
				CLANG_CXX_LANGUAGE_STANDARD = "gnu++17";
				CLANG_CXX_LIBRARY = "libc++";
				CLANG_ENABLE_MODULES = YES;
				CLANG_ENABLE_OBJC_ARC = YES;
				CLANG_ENABLE_OBJC_WEAK = YES;
				CLANG_WARN_BLOCK_CAPTURE_AUTORELEASING = YES;
				CLANG_WARN_BOOL_CONVERSION = YES;
				CLANG_WARN_COMMA = YES;
				CLANG_WARN_CONSTANT_CONVERSION = YES;
				CLANG_WARN_DEPRECATED_OBJC_IMPLEMENTATIONS = YES;
				CLANG_WARN_DIRECT_OBJC_ISA_USAGE = YES_ERROR;
				CLANG_WARN_DOCUMENTATION_COMMENTS = YES;
				CLANG_WARN_EMPTY_BODY = YES;
				CLANG_WARN_ENUM_CONVERSION = YES;
				CLANG_WARN_INFINITE_RECURSION = YES;
				CLANG_WARN_INT_CONVERSION = YES;
				CLANG_WARN_NON_LITERAL_NULL_CONVERSION = YES;
				CLANG_WARN_OBJC_IMPLICIT_RETAIN_SELF = YES;
				CLANG_WARN_OBJC_LITERAL_CONVERSION = YES;
				CLANG_WARN_OBJC_ROOT_CLASS = YES_ERROR;
				CLANG_WARN_QUOTED_INCLUDE_IN_FRAMEWORK_HEADER = YES;
				CLANG_WARN_RANGE_LOOP_ANALYSIS = YES;
				CLANG_WARN_STRICT_PROTOTYPES = YES;
				CLANG_WARN_SUSPICIOUS_MOVE = YES;
				CLANG_WARN_UNGUARDED_AVAILABILITY = YES_AGGRESSIVE;
				CLANG_WARN_UNREACHABLE_CODE = YES;
				CLANG_WARN__DUPLICATE_METHOD_MATCH = YES;
				COPY_PHASE_STRIP = NO;
				DEBUG_INFORMATION_FORMAT = "dwarf-with-dsym";
				ENABLE_NS_ASSERTIONS = NO;
				ENABLE_STRICT_OBJC_MSGSEND = YES;
				GCC_C_LANGUAGE_STANDARD = gnu11;
				GCC_NO_COMMON_BLOCKS = YES;
				GCC_WARN_64_TO_32_BIT_CONVERSION = YES;
				GCC_WARN_ABOUT_RETURN_TYPE = YES_ERROR;
				GCC_WARN_UNDECLARED_SELECTOR = YES;
				GCC_WARN_UNINITIALIZED_AUTOS = YES_AGGRESSIVE;
				GCC_WARN_UNUSED_FUNCTION = YES;
				GCC_WARN_UNUSED_VARIABLE = YES;
				IPHONEOS_DEPLOYMENT_TARGET = 15.2;
				MTL_ENABLE_DEBUG_INFO = NO;
				MTL_FAST_MATH = YES;
				SDKROOT = iphoneos;
				SWIFT_COMPILATION_MODE = wholemodule;
				SWIFT_OPTIMIZATION_LEVEL = "-O";
				VALIDATE_PRODUCT = YES;
			};
			name = Release;
		};
		9AD38B9E27D5DD1400AF2DC8 /* Debug */ = {
			isa = XCBuildConfiguration;
			buildSettings = {
				ASSETCATALOG_COMPILER_APPICON_NAME = AppIcon;
				ASSETCATALOG_COMPILER_GLOBAL_ACCENT_COLOR_NAME = AccentColor;
				CODE_SIGN_STYLE = Automatic;
				CURRENT_PROJECT_VERSION = 1;
				DEVELOPMENT_TEAM = ZQV4ZDQNW5;
				GENERATE_INFOPLIST_FILE = YES;
				INFOPLIST_FILE = Pomodoro/Info.plist;
				INFOPLIST_KEY_UIApplicationSupportsIndirectInputEvents = YES;
				INFOPLIST_KEY_UILaunchStoryboardName = LaunchScreen;
				INFOPLIST_KEY_UIMainStoryboardFile = Main;
				INFOPLIST_KEY_UISupportedInterfaceOrientations_iPad = "UIInterfaceOrientationPortrait UIInterfaceOrientationPortraitUpsideDown UIInterfaceOrientationLandscapeLeft UIInterfaceOrientationLandscapeRight";
				INFOPLIST_KEY_UISupportedInterfaceOrientations_iPhone = "UIInterfaceOrientationPortrait UIInterfaceOrientationLandscapeLeft UIInterfaceOrientationLandscapeRight";
				LD_RUNPATH_SEARCH_PATHS = (
					"$(inherited)",
					"@executable_path/Frameworks",
				);
				MARKETING_VERSION = 1.0;
				PRODUCT_BUNDLE_IDENTIFIER = com.tistory.88yhtserof.Pomodoro;
				PRODUCT_NAME = "$(TARGET_NAME)";
				SWIFT_EMIT_LOC_STRINGS = YES;
				SWIFT_VERSION = 5.0;
				TARGETED_DEVICE_FAMILY = "1,2";
			};
			name = Debug;
		};
		9AD38B9F27D5DD1400AF2DC8 /* Release */ = {
			isa = XCBuildConfiguration;
			buildSettings = {
				ASSETCATALOG_COMPILER_APPICON_NAME = AppIcon;
				ASSETCATALOG_COMPILER_GLOBAL_ACCENT_COLOR_NAME = AccentColor;
				CODE_SIGN_STYLE = Automatic;
				CURRENT_PROJECT_VERSION = 1;
				DEVELOPMENT_TEAM = ZQV4ZDQNW5;
				GENERATE_INFOPLIST_FILE = YES;
				INFOPLIST_FILE = Pomodoro/Info.plist;
				INFOPLIST_KEY_UIApplicationSupportsIndirectInputEvents = YES;
				INFOPLIST_KEY_UILaunchStoryboardName = LaunchScreen;
				INFOPLIST_KEY_UIMainStoryboardFile = Main;
				INFOPLIST_KEY_UISupportedInterfaceOrientations_iPad = "UIInterfaceOrientationPortrait UIInterfaceOrientationPortraitUpsideDown UIInterfaceOrientationLandscapeLeft UIInterfaceOrientationLandscapeRight";
				INFOPLIST_KEY_UISupportedInterfaceOrientations_iPhone = "UIInterfaceOrientationPortrait UIInterfaceOrientationLandscapeLeft UIInterfaceOrientationLandscapeRight";
				LD_RUNPATH_SEARCH_PATHS = (
					"$(inherited)",
					"@executable_path/Frameworks",
				);
				MARKETING_VERSION = 1.0;
				PRODUCT_BUNDLE_IDENTIFIER = com.tistory.88yhtserof.Pomodoro;
				PRODUCT_NAME = "$(TARGET_NAME)";
				SWIFT_EMIT_LOC_STRINGS = YES;
				SWIFT_VERSION = 5.0;
				TARGETED_DEVICE_FAMILY = "1,2";
			};
			name = Release;
		};
		9AD38BA127D5DD1400AF2DC8 /* Debug */ = {
			isa = XCBuildConfiguration;
			buildSettings = {
				ALWAYS_EMBED_SWIFT_STANDARD_LIBRARIES = YES;
				BUNDLE_LOADER = "$(TEST_HOST)";
				CODE_SIGN_STYLE = Automatic;
				CURRENT_PROJECT_VERSION = 1;
				DEVELOPMENT_TEAM = ZQV4ZDQNW5;
				GENERATE_INFOPLIST_FILE = YES;
				IPHONEOS_DEPLOYMENT_TARGET = 15.2;
				MARKETING_VERSION = 1.0;
				PRODUCT_BUNDLE_IDENTIFIER = com.tistory.88yhtserof.PomodoroTests;
				PRODUCT_NAME = "$(TARGET_NAME)";
				SWIFT_EMIT_LOC_STRINGS = NO;
				SWIFT_VERSION = 5.0;
				TARGETED_DEVICE_FAMILY = "1,2";
				TEST_HOST = "$(BUILT_PRODUCTS_DIR)/Pomodoro.app/Pomodoro";
			};
			name = Debug;
		};
		9AD38BA227D5DD1400AF2DC8 /* Release */ = {
			isa = XCBuildConfiguration;
			buildSettings = {
				ALWAYS_EMBED_SWIFT_STANDARD_LIBRARIES = YES;
				BUNDLE_LOADER = "$(TEST_HOST)";
				CODE_SIGN_STYLE = Automatic;
				CURRENT_PROJECT_VERSION = 1;
				DEVELOPMENT_TEAM = ZQV4ZDQNW5;
				GENERATE_INFOPLIST_FILE = YES;
				IPHONEOS_DEPLOYMENT_TARGET = 15.2;
				MARKETING_VERSION = 1.0;
				PRODUCT_BUNDLE_IDENTIFIER = com.tistory.88yhtserof.PomodoroTests;
				PRODUCT_NAME = "$(TARGET_NAME)";
				SWIFT_EMIT_LOC_STRINGS = NO;
				SWIFT_VERSION = 5.0;
				TARGETED_DEVICE_FAMILY = "1,2";
				TEST_HOST = "$(BUILT_PRODUCTS_DIR)/Pomodoro.app/Pomodoro";
			};
			name = Release;
		};
		9AD38BA427D5DD1400AF2DC8 /* Debug */ = {
			isa = XCBuildConfiguration;
			buildSettings = {
				ALWAYS_EMBED_SWIFT_STANDARD_LIBRARIES = YES;
				CODE_SIGN_STYLE = Automatic;
				CURRENT_PROJECT_VERSION = 1;
				DEVELOPMENT_TEAM = ZQV4ZDQNW5;
				GENERATE_INFOPLIST_FILE = YES;
				MARKETING_VERSION = 1.0;
				PRODUCT_BUNDLE_IDENTIFIER = com.tistory.88yhtserof.PomodoroUITests;
				PRODUCT_NAME = "$(TARGET_NAME)";
				SWIFT_EMIT_LOC_STRINGS = NO;
				SWIFT_VERSION = 5.0;
				TARGETED_DEVICE_FAMILY = "1,2";
				TEST_TARGET_NAME = Pomodoro;
			};
			name = Debug;
		};
		9AD38BA527D5DD1400AF2DC8 /* Release */ = {
			isa = XCBuildConfiguration;
			buildSettings = {
				ALWAYS_EMBED_SWIFT_STANDARD_LIBRARIES = YES;
				CODE_SIGN_STYLE = Automatic;
				CURRENT_PROJECT_VERSION = 1;
				DEVELOPMENT_TEAM = ZQV4ZDQNW5;
				GENERATE_INFOPLIST_FILE = YES;
				MARKETING_VERSION = 1.0;
				PRODUCT_BUNDLE_IDENTIFIER = com.tistory.88yhtserof.PomodoroUITests;
				PRODUCT_NAME = "$(TARGET_NAME)";
				SWIFT_EMIT_LOC_STRINGS = NO;
				SWIFT_VERSION = 5.0;
				TARGETED_DEVICE_FAMILY = "1,2";
				TEST_TARGET_NAME = Pomodoro;
			};
			name = Release;
		};
/* End XCBuildConfiguration section */

/* Begin XCConfigurationList section */
		9AD38B6E27D5DD1300AF2DC8 /* Build configuration list for PBXProject "Pomodoro" */ = {
			isa = XCConfigurationList;
			buildConfigurations = (
				9AD38B9B27D5DD1400AF2DC8 /* Debug */,
				9AD38B9C27D5DD1400AF2DC8 /* Release */,
			);
			defaultConfigurationIsVisible = 0;
			defaultConfigurationName = Release;
		};
		9AD38B9D27D5DD1400AF2DC8 /* Build configuration list for PBXNativeTarget "Pomodoro" */ = {
			isa = XCConfigurationList;
			buildConfigurations = (
				9AD38B9E27D5DD1400AF2DC8 /* Debug */,
				9AD38B9F27D5DD1400AF2DC8 /* Release */,
			);
			defaultConfigurationIsVisible = 0;
			defaultConfigurationName = Release;
		};
		9AD38BA027D5DD1400AF2DC8 /* Build configuration list for PBXNativeTarget "PomodoroTests" */ = {
			isa = XCConfigurationList;
			buildConfigurations = (
				9AD38BA127D5DD1400AF2DC8 /* Debug */,
				9AD38BA227D5DD1400AF2DC8 /* Release */,
			);
			defaultConfigurationIsVisible = 0;
			defaultConfigurationName = Release;
		};
		9AD38BA327D5DD1400AF2DC8 /* Build configuration list for PBXNativeTarget "PomodoroUITests" */ = {
			isa = XCConfigurationList;
			buildConfigurations = (
				9AD38BA427D5DD1400AF2DC8 /* Debug */,
				9AD38BA527D5DD1400AF2DC8 /* Release */,
			);
			defaultConfigurationIsVisible = 0;
			defaultConfigurationName = Release;
		};
/* End XCConfigurationList section */
	};
	rootObject = 9AD38B6B27D5DD1300AF2DC8 /* Project object */;
}
